
Microsoft Visual Studio Solution File, Format Version 12.00
Project("{FAE04EC0-301F-11D3-BF4B-00C04F79EFBC}") = "Hestia.WebService", "Hestia.WebService\Hestia.WebService.csproj", "{2098695B-F8E6-4748-BA26-EEBB18FBB09E}"
EndProject
Project("{2150E333-8FDC-42A3-9474-1A3956D46DE8}") = "Tests", "Tests", "{39BB93D3-D10F-4057-B9C1-F6498FE33699}"
EndProject
Project("{FAE04EC0-301F-11D3-BF4B-00C04F79EFBC}") = "Test.Hestia.WebService", "Test.Hestia.WebService\Test.Hestia.WebService.csproj", "{82AF4D38-13F4-44F4-B844-E0BA1006C5ED}"
EndProject
Project("{FAE04EC0-301F-11D3-BF4B-00C04F79EFBC}") = "Hestia.Model", "Hestia.Model\Hestia.Model.csproj", "{1A35818E-3A3F-4989-8B62-112EA2EFE530}"
EndProject
Project("{FAE04EC0-301F-11D3-BF4B-00C04F79EFBC}") = "Test.Hestia.Model", "Test.Hestia.Model\Test.Hestia.Model.csproj", "{31D305CA-E50F-4C54-96EB-127B2656B353}"
EndProject
Project("{FAE04EC0-301F-11D3-BF4B-00C04F79EFBC}") = "Hestia.ConsoleRunner", "Hestia.ConsoleRunner\Hestia.ConsoleRunner.csproj", "{43EF39D0-7F20-4EA5-AC8A-88309E902CDB}"
EndProject
Project("{FAE04EC0-301F-11D3-BF4B-00C04F79EFBC}") = "Test.Hestia.ConsoleRunner", "Test.Hestia.ConsoleRunner\Test.Hestia.ConsoleRunner.csproj", "{799467C9-DB54-4053-8F7A-F10370AD8DA0}"
EndProject
Project("{FAE04EC0-301F-11D3-BF4B-00C04F79EFBC}") = "Hestia.UIRunner", "Hestia.UIRunner\Hestia.UIRunner.csproj", "{B2D37F1A-F099-4E65-BD05-970DB5834865}"
EndProject
Project("{FAE04EC0-301F-11D3-BF4B-00C04F79EFBC}") = "Test.Hestia.UIRunner", "Test.Hestia.UIRunner\Test.Hestia.UIRunner.csproj", "{FE9AADBE-A923-450B-8B17-DE6539CFC102}"
EndProject
Project("{FAE04EC0-301F-11D3-BF4B-00C04F79EFBC}") = "Test.Hestia.Utils", "Test.Hestia.Utils\Test.Hestia.Utils.csproj", "{C4EE2FC8-3F31-4337-BB2F-5E7567D74161}"
EndProject
Project("{FAE04EC0-301F-11D3-BF4B-00C04F79EFBC}") = "Hestia.DAL.EFCore", "Hestia.DAL.EFCore\Hestia.DAL.EFCore.csproj", "{576B4269-4913-48BB-B1C5-C0EB380489C7}"
EndProject
Project("{FAE04EC0-301F-11D3-BF4B-00C04F79EFBC}") = "Test.Hestia.DAL.EFCore", "Test.Hestia.DAL.EFCore\Test.Hestia.DAL.EFCore.csproj", "{DFCE0709-A41B-496F-AA0F-614C53DF1688}"
EndProject
Project("{FAE04EC0-301F-11D3-BF4B-00C04F79EFBC}") = "Hestia.DAL.Interfaces", "Hestia.DAL.Interfaces\Hestia.DAL.Interfaces.csproj", "{A73E955E-E3E1-4566-A903-A64EC3596007}"
EndProject
Project("{FAE04EC0-301F-11D3-BF4B-00C04F79EFBC}") = "Hestia.Model.Interfaces", "Hestia.Model.Interfaces\Hestia.Model.Interfaces.csproj", "{720C5F8A-3C80-44EF-9EA0-5450B666D491}"
EndProject
Global
	GlobalSection(SolutionConfigurationPlatforms) = preSolution
		Debug|Any CPU = Debug|Any CPU
		Release|Any CPU = Release|Any CPU
	EndGlobalSection
	GlobalSection(ProjectConfigurationPlatforms) = postSolution
		{2098695B-F8E6-4748-BA26-EEBB18FBB09E}.Debug|Any CPU.ActiveCfg = Debug|Any CPU
		{2098695B-F8E6-4748-BA26-EEBB18FBB09E}.Debug|Any CPU.Build.0 = Debug|Any CPU
		{2098695B-F8E6-4748-BA26-EEBB18FBB09E}.Release|Any CPU.ActiveCfg = Release|Any CPU
		{2098695B-F8E6-4748-BA26-EEBB18FBB09E}.Release|Any CPU.Build.0 = Release|Any CPU
		{82AF4D38-13F4-44F4-B844-E0BA1006C5ED}.Debug|Any CPU.ActiveCfg = Debug|Any CPU
		{82AF4D38-13F4-44F4-B844-E0BA1006C5ED}.Debug|Any CPU.Build.0 = Debug|Any CPU
		{82AF4D38-13F4-44F4-B844-E0BA1006C5ED}.Release|Any CPU.ActiveCfg = Release|Any CPU
		{82AF4D38-13F4-44F4-B844-E0BA1006C5ED}.Release|Any CPU.Build.0 = Release|Any CPU
		{1A35818E-3A3F-4989-8B62-112EA2EFE530}.Debug|Any CPU.ActiveCfg = Debug|Any CPU
		{1A35818E-3A3F-4989-8B62-112EA2EFE530}.Debug|Any CPU.Build.0 = Debug|Any CPU
		{1A35818E-3A3F-4989-8B62-112EA2EFE530}.Release|Any CPU.ActiveCfg = Release|Any CPU
		{1A35818E-3A3F-4989-8B62-112EA2EFE530}.Release|Any CPU.Build.0 = Release|Any CPU
		{31D305CA-E50F-4C54-96EB-127B2656B353}.Debug|Any CPU.ActiveCfg = Debug|Any CPU
		{31D305CA-E50F-4C54-96EB-127B2656B353}.Debug|Any CPU.Build.0 = Debug|Any CPU
		{31D305CA-E50F-4C54-96EB-127B2656B353}.Release|Any CPU.ActiveCfg = Release|Any CPU
		{31D305CA-E50F-4C54-96EB-127B2656B353}.Release|Any CPU.Build.0 = Release|Any CPU
		{43EF39D0-7F20-4EA5-AC8A-88309E902CDB}.Debug|Any CPU.ActiveCfg = Debug|Any CPU
		{43EF39D0-7F20-4EA5-AC8A-88309E902CDB}.Debug|Any CPU.Build.0 = Debug|Any CPU
		{43EF39D0-7F20-4EA5-AC8A-88309E902CDB}.Release|Any CPU.ActiveCfg = Release|Any CPU
		{43EF39D0-7F20-4EA5-AC8A-88309E902CDB}.Release|Any CPU.Build.0 = Release|Any CPU
		{799467C9-DB54-4053-8F7A-F10370AD8DA0}.Debug|Any CPU.ActiveCfg = Debug|Any CPU
		{799467C9-DB54-4053-8F7A-F10370AD8DA0}.Debug|Any CPU.Build.0 = Debug|Any CPU
		{799467C9-DB54-4053-8F7A-F10370AD8DA0}.Release|Any CPU.ActiveCfg = Release|Any CPU
		{799467C9-DB54-4053-8F7A-F10370AD8DA0}.Release|Any CPU.Build.0 = Release|Any CPU
		{B2D37F1A-F099-4E65-BD05-970DB5834865}.Debug|Any CPU.ActiveCfg = Debug|Any CPU
		{B2D37F1A-F099-4E65-BD05-970DB5834865}.Debug|Any CPU.Build.0 = Debug|Any CPU
		{B2D37F1A-F099-4E65-BD05-970DB5834865}.Release|Any CPU.ActiveCfg = Release|Any CPU
		{B2D37F1A-F099-4E65-BD05-970DB5834865}.Release|Any CPU.Build.0 = Release|Any CPU
		{FE9AADBE-A923-450B-8B17-DE6539CFC102}.Debug|Any CPU.ActiveCfg = Debug|Any CPU
		{FE9AADBE-A923-450B-8B17-DE6539CFC102}.Debug|Any CPU.Build.0 = Debug|Any CPU
		{FE9AADBE-A923-450B-8B17-DE6539CFC102}.Release|Any CPU.ActiveCfg = Release|Any CPU
		{FE9AADBE-A923-450B-8B17-DE6539CFC102}.Release|Any CPU.Build.0 = Release|Any CPU
		{C4EE2FC8-3F31-4337-BB2F-5E7567D74161}.Debug|Any CPU.ActiveCfg = Debug|Any CPU
		{C4EE2FC8-3F31-4337-BB2F-5E7567D74161}.Debug|Any CPU.Build.0 = Debug|Any CPU
		{C4EE2FC8-3F31-4337-BB2F-5E7567D74161}.Release|Any CPU.ActiveCfg = Release|Any CPU
		{C4EE2FC8-3F31-4337-BB2F-5E7567D74161}.Release|Any CPU.Build.0 = Release|Any CPU
		{576B4269-4913-48BB-B1C5-C0EB380489C7}.Debug|Any CPU.ActiveCfg = Debug|Any CPU
		{576B4269-4913-48BB-B1C5-C0EB380489C7}.Debug|Any CPU.Build.0 = Debug|Any CPU
		{576B4269-4913-48BB-B1C5-C0EB380489C7}.Release|Any CPU.ActiveCfg = Release|Any CPU
		{576B4269-4913-48BB-B1C5-C0EB380489C7}.Release|Any CPU.Build.0 = Release|Any CPU
		{DFCE0709-A41B-496F-AA0F-614C53DF1688}.Debug|Any CPU.ActiveCfg = Debug|Any CPU
		{DFCE0709-A41B-496F-AA0F-614C53DF1688}.Debug|Any CPU.Build.0 = Debug|Any CPU
		{DFCE0709-A41B-496F-AA0F-614C53DF1688}.Release|Any CPU.ActiveCfg = Release|Any CPU
		{DFCE0709-A41B-496F-AA0F-614C53DF1688}.Release|Any CPU.Build.0 = Release|Any CPU
		{A73E955E-E3E1-4566-A903-A64EC3596007}.Debug|Any CPU.ActiveCfg = Debug|Any CPU
		{A73E955E-E3E1-4566-A903-A64EC3596007}.Debug|Any CPU.Build.0 = Debug|Any CPU
		{A73E955E-E3E1-4566-A903-A64EC3596007}.Release|Any CPU.ActiveCfg = Release|Any CPU
		{A73E955E-E3E1-4566-A903-A64EC3596007}.Release|Any CPU.Build.0 = Release|Any CPU
		{720C5F8A-3C80-44EF-9EA0-5450B666D491}.Debug|Any CPU.ActiveCfg = Debug|Any CPU
		{720C5F8A-3C80-44EF-9EA0-5450B666D491}.Debug|Any CPU.Build.0 = Debug|Any CPU
		{720C5F8A-3C80-44EF-9EA0-5450B666D491}.Release|Any CPU.ActiveCfg = Release|Any CPU
		{720C5F8A-3C80-44EF-9EA0-5450B666D491}.Release|Any CPU.Build.0 = Release|Any CPU
	EndGlobalSection
	GlobalSection(NestedProjects) = preSolution
		{82AF4D38-13F4-44F4-B844-E0BA1006C5ED} = {39BB93D3-D10F-4057-B9C1-F6498FE33699}
		{31D305CA-E50F-4C54-96EB-127B2656B353} = {39BB93D3-D10F-4057-B9C1-F6498FE33699}
		{799467C9-DB54-4053-8F7A-F10370AD8DA0} = {39BB93D3-D10F-4057-B9C1-F6498FE33699}
		{FE9AADBE-A923-450B-8B17-DE6539CFC102} = {39BB93D3-D10F-4057-B9C1-F6498FE33699}
		{C4EE2FC8-3F31-4337-BB2F-5E7567D74161} = {39BB93D3-D10F-4057-B9C1-F6498FE33699}
		{DFCE0709-A41B-496F-AA0F-614C53DF1688} = {39BB93D3-D10F-4057-B9C1-F6498FE33699}
	EndGlobalSection
EndGlobal
